
Microsoft Visual Studio Solution File, Format Version 12.00
# Visual Studio 2012
Project("{FAE04EC0-301F-11D3-BF4B-00C04F79EFBC}") = "BMICalc", "BMICalc\BMICalc.csproj", "{C4943B19-07FA-41A4-A5C9-8571284D5B12}"
EndProject
Project("{FAE04EC0-301F-11D3-BF4B-00C04F79EFBC}") = "BMICalc.Android", "BMICalc.Android\BMICalc.Android.csproj", "{B3FD6DDB-E3A0-4641-8C0D-EF5734185AA8}"
EndProject
Global
	GlobalSection(SolutionConfigurationPlatforms) = preSolution
		Debug|iPhoneSimulator = Debug|iPhoneSimulator
		Release|iPhone = Release|iPhone
		Release|iPhoneSimulator = Release|iPhoneSimulator
		Debug|iPhone = Debug|iPhone
	EndGlobalSection
	GlobalSection(ProjectConfigurationPlatforms) = postSolution
		{C4943B19-07FA-41A4-A5C9-8571284D5B12}.Debug|iPhoneSimulator.ActiveCfg = Debug|iPhoneSimulator
		{C4943B19-07FA-41A4-A5C9-8571284D5B12}.Debug|iPhoneSimulator.Build.0 = Debug|iPhoneSimulator
		{C4943B19-07FA-41A4-A5C9-8571284D5B12}.Release|iPhone.ActiveCfg = Release|iPhone
		{C4943B19-07FA-41A4-A5C9-8571284D5B12}.Release|iPhone.Build.0 = Release|iPhone
		{C4943B19-07FA-41A4-A5C9-8571284D5B12}.Release|iPhoneSimulator.ActiveCfg = Release|iPhoneSimulator
		{C4943B19-07FA-41A4-A5C9-8571284D5B12}.Release|iPhoneSimulator.Build.0 = Release|iPhoneSimulator
		{C4943B19-07FA-41A4-A5C9-8571284D5B12}.Debug|iPhone.ActiveCfg = Debug|iPhone
		{C4943B19-07FA-41A4-A5C9-8571284D5B12}.Debug|iPhone.Build.0 = Debug|iPhone
		{B3FD6DDB-E3A0-4641-8C0D-EF5734185AA8}.Debug|iPhoneSimulator.ActiveCfg = Debug|Any CPU
		{B3FD6DDB-E3A0-4641-8C0D-EF5734185AA8}.Debug|iPhoneSimulator.Build.0 = Debug|Any CPU
		{B3FD6DDB-E3A0-4641-8C0D-EF5734185AA8}.Release|iPhone.ActiveCfg = Release|Any CPU
		{B3FD6DDB-E3A0-4641-8C0D-EF5734185AA8}.Release|iPhone.Build.0 = Release|Any CPU
		{B3FD6DDB-E3A0-4641-8C0D-EF5734185AA8}.Release|iPhoneSimulator.ActiveCfg = Release|Any CPU
		{B3FD6DDB-E3A0-4641-8C0D-EF5734185AA8}.Release|iPhoneSimulator.Build.0 = Release|Any CPU
		{B3FD6DDB-E3A0-4641-8C0D-EF5734185AA8}.Debug|iPhone.ActiveCfg = Debug|Any CPU
		{B3FD6DDB-E3A0-4641-8C0D-EF5734185AA8}.Debug|iPhone.Build.0 = Debug|Any CPU
	EndGlobalSection
EndGlobal
