
Microsoft Visual Studio Solution File, Format Version 12.00
# Visual Studio 2012
Project("{FAE04EC0-301F-11D3-BF4B-00C04F79EFBC}") = "BMICalc", "BMICalc\BMICalc.csproj", "{41E4C461-5F5F-4D9B-86A0-5D8C8CA345BB}"
EndProject
Project("{FAE04EC0-301F-11D3-BF4B-00C04F79EFBC}") = "BMICalc.Android", "BMICalc.Android\BMICalc.Android.csproj", "{E927F7C5-6597-498F-961E-94F658C527B0}"
EndProject
Global
	GlobalSection(SolutionConfigurationPlatforms) = preSolution
		Debug|iPhoneSimulator = Debug|iPhoneSimulator
		Release|iPhone = Release|iPhone
		Release|iPhoneSimulator = Release|iPhoneSimulator
		Debug|iPhone = Debug|iPhone
	EndGlobalSection
	GlobalSection(ProjectConfigurationPlatforms) = postSolution
		{41E4C461-5F5F-4D9B-86A0-5D8C8CA345BB}.Debug|iPhoneSimulator.ActiveCfg = Debug|iPhoneSimulator
		{41E4C461-5F5F-4D9B-86A0-5D8C8CA345BB}.Debug|iPhoneSimulator.Build.0 = Debug|iPhoneSimulator
		{41E4C461-5F5F-4D9B-86A0-5D8C8CA345BB}.Release|iPhone.ActiveCfg = Release|iPhone
		{41E4C461-5F5F-4D9B-86A0-5D8C8CA345BB}.Release|iPhone.Build.0 = Release|iPhone
		{41E4C461-5F5F-4D9B-86A0-5D8C8CA345BB}.Release|iPhoneSimulator.ActiveCfg = Release|iPhoneSimulator
		{41E4C461-5F5F-4D9B-86A0-5D8C8CA345BB}.Release|iPhoneSimulator.Build.0 = Release|iPhoneSimulator
		{41E4C461-5F5F-4D9B-86A0-5D8C8CA345BB}.Debug|iPhone.ActiveCfg = Debug|iPhone
		{41E4C461-5F5F-4D9B-86A0-5D8C8CA345BB}.Debug|iPhone.Build.0 = Debug|iPhone
		{E927F7C5-6597-498F-961E-94F658C527B0}.Debug|iPhoneSimulator.ActiveCfg = Debug|Any CPU
		{E927F7C5-6597-498F-961E-94F658C527B0}.Debug|iPhoneSimulator.Build.0 = Debug|Any CPU
		{E927F7C5-6597-498F-961E-94F658C527B0}.Release|iPhone.ActiveCfg = Release|Any CPU
		{E927F7C5-6597-498F-961E-94F658C527B0}.Release|iPhone.Build.0 = Release|Any CPU
		{E927F7C5-6597-498F-961E-94F658C527B0}.Release|iPhoneSimulator.ActiveCfg = Release|Any CPU
		{E927F7C5-6597-498F-961E-94F658C527B0}.Release|iPhoneSimulator.Build.0 = Release|Any CPU
		{E927F7C5-6597-498F-961E-94F658C527B0}.Debug|iPhone.ActiveCfg = Debug|Any CPU
		{E927F7C5-6597-498F-961E-94F658C527B0}.Debug|iPhone.Build.0 = Debug|Any CPU
	EndGlobalSection
EndGlobal
